
Microsoft Visual Studio Solution File, Format Version 12.00
# Visual Studio Version 16
VisualStudioVersion = 16.0.31105.61
MinimumVisualStudioVersion = 10.0.40219.1
Project("{FAE04EC0-301F-11D3-BF4B-00C04F79EFBC}") = "Localux", "Localux\Localux.csproj", "{708E3E3E-987C-46F5-8072-C5456062B426}"
EndProject
Project("{FAE04EC0-301F-11D3-BF4B-00C04F79EFBC}") = "Test", "Test\Test.csproj", "{DA111C6E-F5AB-4A1E-A22E-7343031962CB}"
EndProject
Global
	GlobalSection(SolutionConfigurationPlatforms) = preSolution
		Debug|Any CPU = Debug|Any CPU
		Release|Any CPU = Release|Any CPU
	EndGlobalSection
	GlobalSection(ProjectConfigurationPlatforms) = postSolution
		{708E3E3E-987C-46F5-8072-C5456062B426}.Debug|Any CPU.ActiveCfg = Debug|Any CPU
		{708E3E3E-987C-46F5-8072-C5456062B426}.Debug|Any CPU.Build.0 = Debug|Any CPU
		{708E3E3E-987C-46F5-8072-C5456062B426}.Release|Any CPU.ActiveCfg = Release|Any CPU
		{708E3E3E-987C-46F5-8072-C5456062B426}.Release|Any CPU.Build.0 = Release|Any CPU
		{DA111C6E-F5AB-4A1E-A22E-7343031962CB}.Debug|Any CPU.ActiveCfg = Debug|Any CPU
		{DA111C6E-F5AB-4A1E-A22E-7343031962CB}.Debug|Any CPU.Build.0 = Debug|Any CPU
		{DA111C6E-F5AB-4A1E-A22E-7343031962CB}.Release|Any CPU.ActiveCfg = Release|Any CPU
		{DA111C6E-F5AB-4A1E-A22E-7343031962CB}.Release|Any CPU.Build.0 = Release|Any CPU
	EndGlobalSection
	GlobalSection(SolutionProperties) = preSolution
		HideSolutionNode = FALSE
	EndGlobalSection
	GlobalSection(ExtensibilityGlobals) = postSolution
		SolutionGuid = {E46CB94C-CEE9-4955-97A3-79F1CEDEC4A1}
	EndGlobalSection
EndGlobal
